{
  "name": "dataVis",
  "version": "1.0.0",
  "lockfileVersion": 1,
  "requires": true,
  "dependencies": {
    "echarts": {
      "version": "4.2.0-rc.1",
      "resolved": "http://registry.npm.taobao.org/echarts/download/echarts-4.2.0-rc.1.tgz",
      "integrity": "sha1-x2vDkunTT5FEgPgpkwX2b6C3nLc=",
      "requires": {
        "zrender": "4.0.5"
      }
    },
    "zrender": {
      "version": "4.0.5",
      "resolved": "http://registry.npm.taobao.org/zrender/download/zrender-4.0.5.tgz",
      "integrity": "sha1-bo9ziXHOLNYkqsgrIVZymxwOWoI="
    }
  }
}
